
Microsoft Visual Studio Solution File, Format Version 12.00
# Visual Studio Version 17
VisualStudioVersion = 17.4.33103.184
MinimumVisualStudioVersion = 10.0.40219.1
Project("{9A19103F-16F7-4668-BE54-9A1E7A4F7556}") = "TTX.Server", "TTX.Server\TTX.Server.csproj", "{43163CB7-46B0-4079-B0F6-15B4A16442CF}"
EndProject
Project("{2150E333-8FDC-42A3-9474-1A3956D46DE8}") = "Solution Items", "Solution Items", "{DCFD2CEF-9CB3-45B8-90B4-7B5FAFA009BB}"
	ProjectSection(SolutionItems) = preProject
		README.md = README.md
	EndProjectSection
EndProject
Project("{9A19103F-16F7-4668-BE54-9A1E7A4F7556}") = "TTX.Data", "TTX.Data\TTX.Data.csproj", "{8FE45502-5983-4038-AE5D-F96236C6756E}"
EndProject
Project("{9A19103F-16F7-4668-BE54-9A1E7A4F7556}") = "TTX.Tests", "TTX.Tests\TTX.Tests.csproj", "{6C354A04-EF0D-4CA1-A0B4-37F367E70682}"
EndProject
Project("{9A19103F-16F7-4668-BE54-9A1E7A4F7556}") = "TTX.Services", "TTX.Services\TTX.Services.csproj", "{99FB39BC-C5B0-408A-B747-69E8FA73F09F}"
EndProject
Project("{9A19103F-16F7-4668-BE54-9A1E7A4F7556}") = "TTX.Library", "TTX.Library\TTX.Library.csproj", "{A774BFAC-0BF8-4BC8-BFCD-013DC5ED3366}"
EndProject
Project("{2150E333-8FDC-42A3-9474-1A3956D46DE8}") = "Clients", "Clients", "{D2C6BFFC-1109-4BCC-B8F7-A5D7098ECE12}"
EndProject
Project("{FAE04EC0-301F-11D3-BF4B-00C04F79EFBC}") = "TTX.Client", "TTX.Client\TTX.Client.csproj", "{086BE496-9D09-453E-953C-ED141DCE7D62}"
EndProject
Project("{FAE04EC0-301F-11D3-BF4B-00C04F79EFBC}") = "TTX.GuiWpf", "TTX.GuiWpf\TTX.GuiWpf.csproj", "{2C3A5E7D-EB57-4D86-94F8-D5663F508323}"
EndProject
Project("{FAE04EC0-301F-11D3-BF4B-00C04F79EFBC}") = "TTX.WpfControls", "TTX.WpfControls\TTX.WpfControls.csproj", "{E8AE4D6D-5540-4D64-90EA-D4312494E6AE}"
EndProject
Project("{FAE04EC0-301F-11D3-BF4B-00C04F79EFBC}") = "TTX.Data.Shared", "TTX.Data.Shared\TTX.Data.Shared.csproj", "{5D6D3BC5-57FF-409E-BC3F-BDDFDD137CD8}"
EndProject
Project("{2150E333-8FDC-42A3-9474-1A3956D46DE8}") = "Server", "Server", "{E3125B84-5C28-4230-AB03-B9596830261C}"
EndProject
Project("{2150E333-8FDC-42A3-9474-1A3956D46DE8}") = "Shared", "Shared", "{2FFB123E-1C07-431B-8774-CBBD8F5FAD89}"
EndProject
Global
	GlobalSection(SolutionConfigurationPlatforms) = preSolution
		Debug|Any CPU = Debug|Any CPU
		Release|Any CPU = Release|Any CPU
	EndGlobalSection
	GlobalSection(ProjectConfigurationPlatforms) = postSolution
		{43163CB7-46B0-4079-B0F6-15B4A16442CF}.Debug|Any CPU.ActiveCfg = Debug|Any CPU
		{43163CB7-46B0-4079-B0F6-15B4A16442CF}.Debug|Any CPU.Build.0 = Debug|Any CPU
		{43163CB7-46B0-4079-B0F6-15B4A16442CF}.Release|Any CPU.ActiveCfg = Release|Any CPU
		{43163CB7-46B0-4079-B0F6-15B4A16442CF}.Release|Any CPU.Build.0 = Release|Any CPU
		{8FE45502-5983-4038-AE5D-F96236C6756E}.Debug|Any CPU.ActiveCfg = Debug|Any CPU
		{8FE45502-5983-4038-AE5D-F96236C6756E}.Debug|Any CPU.Build.0 = Debug|Any CPU
		{8FE45502-5983-4038-AE5D-F96236C6756E}.Release|Any CPU.ActiveCfg = Release|Any CPU
		{8FE45502-5983-4038-AE5D-F96236C6756E}.Release|Any CPU.Build.0 = Release|Any CPU
		{6C354A04-EF0D-4CA1-A0B4-37F367E70682}.Debug|Any CPU.ActiveCfg = Debug|Any CPU
		{6C354A04-EF0D-4CA1-A0B4-37F367E70682}.Debug|Any CPU.Build.0 = Debug|Any CPU
		{6C354A04-EF0D-4CA1-A0B4-37F367E70682}.Release|Any CPU.ActiveCfg = Release|Any CPU
		{6C354A04-EF0D-4CA1-A0B4-37F367E70682}.Release|Any CPU.Build.0 = Release|Any CPU
		{99FB39BC-C5B0-408A-B747-69E8FA73F09F}.Debug|Any CPU.ActiveCfg = Debug|Any CPU
		{99FB39BC-C5B0-408A-B747-69E8FA73F09F}.Debug|Any CPU.Build.0 = Debug|Any CPU
		{99FB39BC-C5B0-408A-B747-69E8FA73F09F}.Release|Any CPU.ActiveCfg = Release|Any CPU
		{99FB39BC-C5B0-408A-B747-69E8FA73F09F}.Release|Any CPU.Build.0 = Release|Any CPU
		{A774BFAC-0BF8-4BC8-BFCD-013DC5ED3366}.Debug|Any CPU.ActiveCfg = Debug|Any CPU
		{A774BFAC-0BF8-4BC8-BFCD-013DC5ED3366}.Debug|Any CPU.Build.0 = Debug|Any CPU
		{A774BFAC-0BF8-4BC8-BFCD-013DC5ED3366}.Release|Any CPU.ActiveCfg = Release|Any CPU
		{A774BFAC-0BF8-4BC8-BFCD-013DC5ED3366}.Release|Any CPU.Build.0 = Release|Any CPU
		{086BE496-9D09-453E-953C-ED141DCE7D62}.Debug|Any CPU.ActiveCfg = Debug|Any CPU
		{086BE496-9D09-453E-953C-ED141DCE7D62}.Debug|Any CPU.Build.0 = Debug|Any CPU
		{086BE496-9D09-453E-953C-ED141DCE7D62}.Release|Any CPU.ActiveCfg = Release|Any CPU
		{086BE496-9D09-453E-953C-ED141DCE7D62}.Release|Any CPU.Build.0 = Release|Any CPU
		{2C3A5E7D-EB57-4D86-94F8-D5663F508323}.Debug|Any CPU.ActiveCfg = Debug|Any CPU
		{2C3A5E7D-EB57-4D86-94F8-D5663F508323}.Debug|Any CPU.Build.0 = Debug|Any CPU
		{2C3A5E7D-EB57-4D86-94F8-D5663F508323}.Release|Any CPU.ActiveCfg = Release|Any CPU
		{2C3A5E7D-EB57-4D86-94F8-D5663F508323}.Release|Any CPU.Build.0 = Release|Any CPU
		{E8AE4D6D-5540-4D64-90EA-D4312494E6AE}.Debug|Any CPU.ActiveCfg = Debug|Any CPU
		{E8AE4D6D-5540-4D64-90EA-D4312494E6AE}.Debug|Any CPU.Build.0 = Debug|Any CPU
		{E8AE4D6D-5540-4D64-90EA-D4312494E6AE}.Release|Any CPU.ActiveCfg = Release|Any CPU
		{E8AE4D6D-5540-4D64-90EA-D4312494E6AE}.Release|Any CPU.Build.0 = Release|Any CPU
		{5D6D3BC5-57FF-409E-BC3F-BDDFDD137CD8}.Debug|Any CPU.ActiveCfg = Debug|Any CPU
		{5D6D3BC5-57FF-409E-BC3F-BDDFDD137CD8}.Debug|Any CPU.Build.0 = Debug|Any CPU
		{5D6D3BC5-57FF-409E-BC3F-BDDFDD137CD8}.Release|Any CPU.ActiveCfg = Release|Any CPU
		{5D6D3BC5-57FF-409E-BC3F-BDDFDD137CD8}.Release|Any CPU.Build.0 = Release|Any CPU
	EndGlobalSection
	GlobalSection(SolutionProperties) = preSolution
		HideSolutionNode = FALSE
	EndGlobalSection
	GlobalSection(NestedProjects) = preSolution
		{43163CB7-46B0-4079-B0F6-15B4A16442CF} = {E3125B84-5C28-4230-AB03-B9596830261C}
		{8FE45502-5983-4038-AE5D-F96236C6756E} = {E3125B84-5C28-4230-AB03-B9596830261C}
		{6C354A04-EF0D-4CA1-A0B4-37F367E70682} = {2FFB123E-1C07-431B-8774-CBBD8F5FAD89}
		{99FB39BC-C5B0-408A-B747-69E8FA73F09F} = {E3125B84-5C28-4230-AB03-B9596830261C}
		{A774BFAC-0BF8-4BC8-BFCD-013DC5ED3366} = {2FFB123E-1C07-431B-8774-CBBD8F5FAD89}
		{086BE496-9D09-453E-953C-ED141DCE7D62} = {D2C6BFFC-1109-4BCC-B8F7-A5D7098ECE12}
		{2C3A5E7D-EB57-4D86-94F8-D5663F508323} = {D2C6BFFC-1109-4BCC-B8F7-A5D7098ECE12}
		{E8AE4D6D-5540-4D64-90EA-D4312494E6AE} = {D2C6BFFC-1109-4BCC-B8F7-A5D7098ECE12}
		{5D6D3BC5-57FF-409E-BC3F-BDDFDD137CD8} = {2FFB123E-1C07-431B-8774-CBBD8F5FAD89}
	EndGlobalSection
	GlobalSection(ExtensibilityGlobals) = postSolution
		SolutionGuid = {7B1B3F4C-AB8A-45B1-88C0-C9589E0D20AC}
	EndGlobalSection
EndGlobal
